
Microsoft Visual Studio Solution File, Format Version 12.00
# Visual Studio Version 16
VisualStudioVersion = 16.0.29905.134
MinimumVisualStudioVersion = 10.0.40219.1
Project("{FAE04EC0-301F-11D3-BF4B-00C04F79EFBC}") = "HelloWorld", "HelloWorld\HelloWorld.csproj", "{65ED139C-8BFE-45CF-9C1A-B099D0FDA94D}"
EndProject
Global
	GlobalSection(SolutionConfigurationPlatforms) = preSolution
		Debug|Any CPU = Debug|Any CPU
		Release|Any CPU = Release|Any CPU
	EndGlobalSection
	GlobalSection(ProjectConfigurationPlatforms) = postSolution
		{65ED139C-8BFE-45CF-9C1A-B099D0FDA94D}.Debug|Any CPU.ActiveCfg = Debug|Any CPU
		{65ED139C-8BFE-45CF-9C1A-B099D0FDA94D}.Debug|Any CPU.Build.0 = Debug|Any CPU
		{65ED139C-8BFE-45CF-9C1A-B099D0FDA94D}.Release|Any CPU.ActiveCfg = Release|Any CPU
		{65ED139C-8BFE-45CF-9C1A-B099D0FDA94D}.Release|Any CPU.Build.0 = Release|Any CPU
	EndGlobalSection
	GlobalSection(SolutionProperties) = preSolution
		HideSolutionNode = FALSE
	EndGlobalSection
	GlobalSection(ExtensibilityGlobals) = postSolution
		SolutionGuid = {0E71E4F2-DC05-4A70-9424-2BE24AC31709}
	EndGlobalSection
EndGlobal
