
Microsoft Visual Studio Solution File, Format Version 12.00
# Visual Studio Version 16
VisualStudioVersion = 16.0.30204.135
MinimumVisualStudioVersion = 10.0.40219.1
Project("{FAE04EC0-301F-11D3-BF4B-00C04F79EFBC}") = "TURISMO", "TURISMO\TURISMO.csproj", "{E942FEBD-E8A5-4736-8D7A-AB6138AF6AC0}"
EndProject
Global
	GlobalSection(SolutionConfigurationPlatforms) = preSolution
		Debug|Any CPU = Debug|Any CPU
		Release|Any CPU = Release|Any CPU
	EndGlobalSection
	GlobalSection(ProjectConfigurationPlatforms) = postSolution
		{E942FEBD-E8A5-4736-8D7A-AB6138AF6AC0}.Debug|Any CPU.ActiveCfg = Debug|Any CPU
		{E942FEBD-E8A5-4736-8D7A-AB6138AF6AC0}.Debug|Any CPU.Build.0 = Debug|Any CPU
		{E942FEBD-E8A5-4736-8D7A-AB6138AF6AC0}.Release|Any CPU.ActiveCfg = Release|Any CPU
		{E942FEBD-E8A5-4736-8D7A-AB6138AF6AC0}.Release|Any CPU.Build.0 = Release|Any CPU
	EndGlobalSection
	GlobalSection(SolutionProperties) = preSolution
		HideSolutionNode = FALSE
	EndGlobalSection
	GlobalSection(ExtensibilityGlobals) = postSolution
		SolutionGuid = {A2FD2143-F898-409C-BCD9-593D57D33C1A}
	EndGlobalSection
EndGlobal
